
Microsoft Visual Studio Solution File, Format Version 12.00
# Visual Studio Version 16
VisualStudioVersion = 16.0.29609.76
MinimumVisualStudioVersion = 10.0.40219.1
Project("{FAE04EC0-301F-11D3-BF4B-00C04F79EFBC}") = "NET-HOMEWORK", "NET-HOMEWORK\NET-HOMEWORK.csproj", "{1EAE7F6B-28A8-4808-A733-803FBBB52CA1}"
EndProject
Global
	GlobalSection(SolutionConfigurationPlatforms) = preSolution
		Debug|Any CPU = Debug|Any CPU
		Release|Any CPU = Release|Any CPU
	EndGlobalSection
	GlobalSection(ProjectConfigurationPlatforms) = postSolution
		{1EAE7F6B-28A8-4808-A733-803FBBB52CA1}.Debug|Any CPU.ActiveCfg = Debug|Any CPU
		{1EAE7F6B-28A8-4808-A733-803FBBB52CA1}.Debug|Any CPU.Build.0 = Debug|Any CPU
		{1EAE7F6B-28A8-4808-A733-803FBBB52CA1}.Release|Any CPU.ActiveCfg = Release|Any CPU
		{1EAE7F6B-28A8-4808-A733-803FBBB52CA1}.Release|Any CPU.Build.0 = Release|Any CPU
	EndGlobalSection
	GlobalSection(SolutionProperties) = preSolution
		HideSolutionNode = FALSE
	EndGlobalSection
	GlobalSection(ExtensibilityGlobals) = postSolution
		SolutionGuid = {6B218DD7-78BC-44A9-8355-5FCE60E95183}
	EndGlobalSection
EndGlobal
